// !$*UTF8*$!
{
	archiveVersion = 1;
	classes = {
	};
	objectVersion = 46;
	objects = {

/* Begin PBXBuildFile section */
		949621821B722F3500288852 /* main.m in Sources */ = {isa = PBXBuildFile; fileRef = 949621811B722F3500288852 /* main.m */; };
		949621851B722F3500288852 /* AppDelegate.m in Sources */ = {isa = PBXBuildFile; fileRef = 949621841B722F3500288852 /* AppDelegate.m */; };
		949621881B722F3500288852 /* ViewController.m in Sources */ = {isa = PBXBuildFile; fileRef = 949621871B722F3500288852 /* ViewController.m */; };
		9496218B1B722F3500288852 /* Main.storyboard in Resources */ = {isa = PBXBuildFile; fileRef = 949621891B722F3500288852 /* Main.storyboard */; };
		9496218D1B722F3500288852 /* Images.xcassets in Resources */ = {isa = PBXBuildFile; fileRef = 9496218C1B722F3500288852 /* Images.xcassets */; };
		949621901B722F3500288852 /* LaunchScreen.xib in Resources */ = {isa = PBXBuildFile; fileRef = 9496218E1B722F3500288852 /* LaunchScreen.xib */; };
		9496219C1B722F3500288852 /* firstTests.m in Sources */ = {isa = PBXBuildFile; fileRef = 9496219B1B722F3500288852 /* firstTests.m */; };
		949621A71B722F4A00288852 /* secondViewController.m in Sources */ = {isa = PBXBuildFile; fileRef = 949621A61B722F4A00288852 /* secondViewController.m */; };
/* End PBXBuildFile section */

/* Begin PBXContainerItemProxy section */
		949621961B722F3500288852 /* PBXContainerItemProxy */ = {
			isa = PBXContainerItemProxy;
			containerPortal = 949621741B722F3500288852 /* Project object */;
			proxyType = 1;
			remoteGlobalIDString = 9496217B1B722F3500288852;
			remoteInfo = first;
		};
/* End PBXContainerItemProxy section */

/* Begin PBXFileReference section */
		9496217C1B722F3500288852 /* first.app */ = {isa = PBXFileReference; explicitFileType = wrapper.application; includeInIndex = 0; path = first.app; sourceTree = BUILT_PRODUCTS_DIR; };
		949621801B722F3500288852 /* Info.plist */ = {isa = PBXFileReference; lastKnownFileType = text.plist.xml; path = Info.plist; sourceTree = "<group>"; };
		949621811B722F3500288852 /* main.m */ = {isa = PBXFileReference; lastKnownFileType = sourcecode.c.objc; path = main.m; sourceTree = "<group>"; };
		949621831B722F3500288852 /* AppDelegate.h */ = {isa = PBXFileReference; lastKnownFileType = sourcecode.c.h; path = AppDelegate.h; sourceTree = "<group>"; };
		949621841B722F3500288852 /* AppDelegate.m */ = {isa = PBXFileReference; lastKnownFileType = sourcecode.c.objc; path = AppDelegate.m; sourceTree = "<group>"; };
		949621861B722F3500288852 /* ViewController.h */ = {isa = PBXFileReference; lastKnownFileType = sourcecode.c.h; path = ViewController.h; sourceTree = "<group>"; };
		949621871B722F3500288852 /* ViewController.m */ = {isa = PBXFileReference; lastKnownFileType = sourcecode.c.objc; path = ViewController.m; sourceTree = "<group>"; };
		9496218A1B722F3500288852 /* Base */ = {isa = PBXFileReference; lastKnownFileType = file.storyboard; name = Base; path = Base.lproj/Main.storyboard; sourceTree = "<group>"; };
		9496218C1B722F3500288852 /* Images.xcassets */ = {isa = PBXFileReference; lastKnownFileType = folder.assetcatalog; path = Images.xcassets; sourceTree = "<group>"; };
		9496218F1B722F3500288852 /* Base */ = {isa = PBXFileReference; lastKnownFileType = file.xib; name = Base; path = Base.lproj/LaunchScreen.xib; sourceTree = "<group>"; };
		949621951B722F3500288852 /* firstTests.xctest */ = {isa = PBXFileReference; explicitFileType = wrapper.cfbundle; includeInIndex = 0; path = firstTests.xctest; sourceTree = BUILT_PRODUCTS_DIR; };
		9496219A1B722F3500288852 /* Info.plist */ = {isa = PBXFileReference; lastKnownFileType = text.plist.xml; path = Info.plist; sourceTree = "<group>"; };
		9496219B1B722F3500288852 /* firstTests.m */ = {isa = PBXFileReference; lastKnownFileType = sourcecode.c.objc; path = firstTests.m; sourceTree = "<group>"; };
		949621A51B722F4A00288852 /* secondViewController.h */ = {isa = PBXFileReference; fileEncoding = 4; lastKnownFileType = sourcecode.c.h; path = secondViewController.h; sourceTree = "<group>"; };
		949621A61B722F4A00288852 /* secondViewController.m */ = {isa = PBXFileReference; fileEncoding = 4; lastKnownFileType = sourcecode.c.objc; path = secondViewController.m; sourceTree = "<group>"; };
/* End PBXFileReference section */

/* Begin PBXFrameworksBuildPhase section */
		949621791B722F3500288852 /* Frameworks */ = {
			isa = PBXFrameworksBuildPhase;
			buildActionMask = 2147483647;
			files = (
			);
			runOnlyForDeploymentPostprocessing = 0;
		};
		949621921B722F3500288852 /* Frameworks */ = {
			isa = PBXFrameworksBuildPhase;
			buildActionMask = 2147483647;
			files = (
			);
			runOnlyForDeploymentPostprocessing = 0;
		};
/* End PBXFrameworksBuildPhase section */

/* Begin PBXGroup section */
		949621731B722F3500288852 = {
			isa = PBXGroup;
			children = (
				9496217E1B722F3500288852 /* first */,
				949621981B722F3500288852 /* firstTests */,
				9496217D1B722F3500288852 /* Products */,
			);
			sourceTree = "<group>";
		};
		9496217D1B722F3500288852 /* Products */ = {
			isa = PBXGroup;
			children = (
				9496217C1B722F3500288852 /* first.app */,
				949621951B722F3500288852 /* firstTests.xctest */,
			);
			name = Products;
			sourceTree = "<group>";
		};
		9496217E1B722F3500288852 /* first */ = {
			isa = PBXGroup;
			children = (
				949621831B722F3500288852 /* AppDelegate.h */,
				949621841B722F3500288852 /* AppDelegate.m */,
				949621861B722F3500288852 /* ViewController.h */,
				949621A51B722F4A00288852 /* secondViewController.h */,
				949621A61B722F4A00288852 /* secondViewController.m */,
				949621871B722F3500288852 /* ViewController.m */,
				949621891B722F3500288852 /* Main.storyboard */,
				9496218C1B722F3500288852 /* Images.xcassets */,
				9496218E1B722F3500288852 /* LaunchScreen.xib */,
				9496217F1B722F3500288852 /* Supporting Files */,
			);
			path = first;
			sourceTree = "<group>";
		};
		9496217F1B722F3500288852 /* Supporting Files */ = {
			isa = PBXGroup;
			children = (
				949621801B722F3500288852 /* Info.plist */,
				949621811B722F3500288852 /* main.m */,
			);
			name = "Supporting Files";
			sourceTree = "<group>";
		};
		949621981B722F3500288852 /* firstTests */ = {
			isa = PBXGroup;
			children = (
				9496219B1B722F3500288852 /* firstTests.m */,
				949621991B722F3500288852 /* Supporting Files */,
			);
			path = firstTests;
			sourceTree = "<group>";
		};
		949621991B722F3500288852 /* Supporting Files */ = {
			isa = PBXGroup;
			children = (
				9496219A1B722F3500288852 /* Info.plist */,
			);
			name = "Supporting Files";
			sourceTree = "<group>";
		};
/* End PBXGroup section */

/* Begin PBXNativeTarget section */
		9496217B1B722F3500288852 /* first */ = {
			isa = PBXNativeTarget;
			buildConfigurationList = 9496219F1B722F3500288852 /* Build configuration list for PBXNativeTarget "first" */;
			buildPhases = (
				949621781B722F3500288852 /* Sources */,
				949621791B722F3500288852 /* Frameworks */,
				9496217A1B722F3500288852 /* Resources */,
			);
			buildRules = (
			);
			dependencies = (
			);
			name = first;
			productName = first;
			productReference = 9496217C1B722F3500288852 /* first.app */;
			productType = "com.apple.product-type.application";
		};
		949621941B722F3500288852 /* firstTests */ = {
			isa = PBXNativeTarget;
			buildConfigurationList = 949621A21B722F3500288852 /* Build configuration list for PBXNativeTarget "firstTests" */;
			buildPhases = (
				949621911B722F3500288852 /* Sources */,
				949621921B722F3500288852 /* Frameworks */,
				949621931B722F3500288852 /* Resources */,
			);
			buildRules = (
			);
			dependencies = (
				949621971B722F3500288852 /* PBXTargetDependency */,
			);
			name = firstTests;
			productName = firstTests;
			productReference = 949621951B722F3500288852 /* firstTests.xctest */;
			productType = "com.apple.product-type.bundle.unit-test";
		};
/* End PBXNativeTarget section */

/* Begin PBXProject section */
		949621741B722F3500288852 /* Project object */ = {
			isa = PBXProject;
			attributes = {
				LastUpgradeCheck = 0630;
				ORGANIZATIONNAME = XH;
				TargetAttributes = {
					9496217B1B722F3500288852 = {
						CreatedOnToolsVersion = 6.3.2;
					};
					949621941B722F3500288852 = {
						CreatedOnToolsVersion = 6.3.2;
						TestTargetID = 9496217B1B722F3500288852;
					};
				};
			};
			buildConfigurationList = 949621771B722F3500288852 /* Build configuration list for PBXProject "first" */;
			compatibilityVersion = "Xcode 3.2";
			developmentRegion = English;
			hasScannedForEncodings = 0;
			knownRegions = (
				en,
				Base,
			);
			mainGroup = 949621731B722F3500288852;
			productRefGroup = 9496217D1B722F3500288852 /* Products */;
			projectDirPath = "";
			projectRoot = "";
			targets = (
				9496217B1B722F3500288852 /* first */,
				949621941B722F3500288852 /* firstTests */,
			);
		};
/* End PBXProject section */

/* Begin PBXResourcesBuildPhase section */
		9496217A1B722F3500288852 /* Resources */ = {
			isa = PBXResourcesBuildPhase;
			buildActionMask = 2147483647;
			files = (
				9496218B1B722F3500288852 /* Main.storyboard in Resources */,
				949621901B722F3500288852 /* LaunchScreen.xib in Resources */,
				9496218D1B722F3500288852 /* Images.xcassets in Resources */,
			);
			runOnlyForDeploymentPostprocessing = 0;
		};
		949621931B722F3500288852 /* Resources */ = {
			isa = PBXResourcesBuildPhase;
			buildActionMask = 2147483647;
			files = (
			);
			runOnlyForDeploymentPostprocessing = 0;
		};
/* End PBXResourcesBuildPhase section */

/* Begin PBXSourcesBuildPhase section */
		949621781B722F3500288852 /* Sources */ = {
			isa = PBXSourcesBuildPhase;
			buildActionMask = 2147483647;
			files = (
				949621A71B722F4A00288852 /* secondViewController.m in Sources */,
				949621881B722F3500288852 /* ViewController.m in Sources */,
				949621851B722F3500288852 /* AppDelegate.m in Sources */,
				949621821B722F3500288852 /* main.m in Sources */,
			);
			runOnlyForDeploymentPostprocessing = 0;
		};
		949621911B722F3500288852 /* Sources */ = {
			isa = PBXSourcesBuildPhase;
			buildActionMask = 2147483647;
			files = (
				9496219C1B722F3500288852 /* firstTests.m in Sources */,
			);
			runOnlyForDeploymentPostprocessing = 0;
		};
/* End PBXSourcesBuildPhase section */

/* Begin PBXTargetDependency section */
		949621971B722F3500288852 /* PBXTargetDependency */ = {
			isa = PBXTargetDependency;
			target = 9496217B1B722F3500288852 /* first */;
			targetProxy = 949621961B722F3500288852 /* PBXContainerItemProxy */;
		};
/* End PBXTargetDependency section */

/* Begin PBXVariantGroup section */
		949621891B722F3500288852 /* Main.storyboard */ = {
			isa = PBXVariantGroup;
			children = (
				9496218A1B722F3500288852 /* Base */,
			);
			name = Main.storyboard;
			sourceTree = "<group>";
		};
		9496218E1B722F3500288852 /* LaunchScreen.xib */ = {
			isa = PBXVariantGroup;
			children = (
				9496218F1B722F3500288852 /* Base */,
			);
			name = LaunchScreen.xib;
			sourceTree = "<group>";
		};
/* End PBXVariantGroup section */

/* Begin XCBuildConfiguration section */
		9496219D1B722F3500288852 /* Debug */ = {
			isa = XCBuildConfiguration;
			buildSettings = {
				ALWAYS_SEARCH_USER_PATHS = NO;
				CLANG_CXX_LANGUAGE_STANDARD = "gnu++0x";
				CLANG_CXX_LIBRARY = "libc++";
				CLANG_ENABLE_MODULES = YES;
				CLANG_ENABLE_OBJC_ARC = YES;
				CLANG_WARN_BOOL_CONVERSION = YES;
				CLANG_WARN_CONSTANT_CONVERSION = YES;
				CLANG_WARN_DIRECT_OBJC_ISA_USAGE = YES_ERROR;
				CLANG_WARN_EMPTY_BODY = YES;
				CLANG_WARN_ENUM_CONVERSION = YES;
				CLANG_WARN_INT_CONVERSION = YES;
				CLANG_WARN_OBJC_ROOT_CLASS = YES_ERROR;
				CLANG_WARN_UNREACHABLE_CODE = YES;
				CLANG_WARN__DUPLICATE_METHOD_MATCH = YES;
				"CODE_SIGN_IDENTITY[sdk=iphoneos*]" = "iPhone Developer";
				COPY_PHASE_STRIP = NO;
				DEBUG_INFORMATION_FORMAT = "dwarf-with-dsym";
				ENABLE_STRICT_OBJC_MSGSEND = YES;
				GCC_C_LANGUAGE_STANDARD = gnu99;
				GCC_DYNAMIC_NO_PIC = NO;
				GCC_NO_COMMON_BLOCKS = YES;
				GCC_OPTIMIZATION_LEVEL = 0;
				GCC_PREPROCESSOR_DEFINITIONS = (
					"DEBUG=1",
					"$(inherited)",
				);
				GCC_SYMBOLS_PRIVATE_EXTERN = NO;
				GCC_WARN_64_TO_32_BIT_CONVERSION = YES;
				GCC_WARN_ABOUT_RETURN_TYPE = YES_ERROR;
				GCC_WARN_UNDECLARED_SELECTOR = YES;
				GCC_WARN_UNINITIALIZED_AUTOS = YES_AGGRESSIVE;
				GCC_WARN_UNUSED_FUNCTION = YES;
				GCC_WARN_UNUSED_VARIABLE = YES;
				IPHONEOS_DEPLOYMENT_TARGET = 8.3;
				MTL_ENABLE_DEBUG_INFO = YES;
				ONLY_ACTIVE_ARCH = YES;
				SDKROOT = iphoneos;
				TARGETED_DEVICE_FAMILY = "1,2";
			};
			name = Debug;
		};
		9496219E1B722F3500288852 /* Release */ = {
			isa = XCBuildConfiguration;
			buildSettings = {
				ALWAYS_SEARCH_USER_PATHS = NO;
				CLANG_CXX_LANGUAGE_STANDARD = "gnu++0x";
				CLANG_CXX_LIBRARY = "libc++";
				CLANG_ENABLE_MODULES = YES;
				CLANG_ENABLE_OBJC_ARC = YES;
				CLANG_WARN_BOOL_CONVERSION = YES;
				CLANG_WARN_CONSTANT_CONVERSION = YES;
				CLANG_WARN_DIRECT_OBJC_ISA_USAGE = YES_ERROR;
				CLANG_WARN_EMPTY_BODY = YES;
				CLANG_WARN_ENUM_CONVERSION = YES;
				CLANG_WARN_INT_CONVERSION = YES;
				CLANG_WARN_OBJC_ROOT_CLASS = YES_ERROR;
				CLANG_WARN_UNREACHABLE_CODE = YES;
				CLANG_WARN__DUPLICATE_METHOD_MATCH = YES;
				"CODE_SIGN_IDENTITY[sdk=iphoneos*]" = "iPhone Developer";
				COPY_PHASE_STRIP = NO;
				DEBUG_INFORMATION_FORMAT = "dwarf-with-dsym";
				ENABLE_NS_ASSERTIONS = NO;
				ENABLE_STRICT_OBJC_MSGSEND = YES;
				GCC_C_LANGUAGE_STANDARD = gnu99;
				GCC_NO_COMMON_BLOCKS = YES;
				GCC_WARN_64_TO_32_BIT_CONVERSION = YES;
				GCC_WARN_ABOUT_RETURN_TYPE = YES_ERROR;
				GCC_WARN_UNDECLARED_SELECTOR = YES;
				GCC_WARN_UNINITIALIZED_AUTOS = YES_AGGRESSIVE;
				GCC_WARN_UNUSED_FUNCTION = YES;
				GCC_WARN_UNUSED_VARIABLE = YES;
				IPHONEOS_DEPLOYMENT_TARGET = 8.3;
				MTL_ENABLE_DEBUG_INFO = NO;
				SDKROOT = iphoneos;
				TARGETED_DEVICE_FAMILY = "1,2";
				VALIDATE_PRODUCT = YES;
			};
			name = Release;
		};
		949621A01B722F3500288852 /* Debug */ = {
			isa = XCBuildConfiguration;
			buildSettings = {
				ASSETCATALOG_COMPILER_APPICON_NAME = AppIcon;
				INFOPLIST_FILE = first/Info.plist;
				LD_RUNPATH_SEARCH_PATHS = "$(inherited) @executable_path/Frameworks";
				PRODUCT_NAME = "$(TARGET_NAME)";
			};
			name = Debug;
		};
		949621A11B722F3500288852 /* Release */ = {
			isa = XCBuildConfiguration;
			buildSettings = {
				ASSETCATALOG_COMPILER_APPICON_NAME = AppIcon;
				INFOPLIST_FILE = first/Info.plist;
				LD_RUNPATH_SEARCH_PATHS = "$(inherited) @executable_path/Frameworks";
				PRODUCT_NAME = "$(TARGET_NAME)";
			};
			name = Release;
		};
		949621A31B722F3500288852 /* Debug */ = {
			isa = XCBuildConfiguration;
			buildSettings = {
				BUNDLE_LOADER = "$(TEST_HOST)";
				FRAMEWORK_SEARCH_PATHS = (
					"$(SDKROOT)/Developer/Library/Frameworks",
					"$(inherited)",
				);
				GCC_PREPROCESSOR_DEFINITIONS = (
					"DEBUG=1",
					"$(inherited)",
				);
				INFOPLIST_FILE = firstTests/Info.plist;
				LD_RUNPATH_SEARCH_PATHS = "$(inherited) @executable_path/Frameworks @loader_path/Frameworks";
				PRODUCT_NAME = "$(TARGET_NAME)";
				TEST_HOST = "$(BUILT_PRODUCTS_DIR)/first.app/first";
			};
			name = Debug;
		};
		949621A41B722F3500288852 /* Release */ = {
			isa = XCBuildConfiguration;
			buildSettings = {
				BUNDLE_LOADER = "$(TEST_HOST)";
				FRAMEWORK_SEARCH_PATHS = (
					"$(SDKROOT)/Developer/Library/Frameworks",
					"$(inherited)",
				);
				INFOPLIST_FILE = firstTests/Info.plist;
				LD_RUNPATH_SEARCH_PATHS = "$(inherited) @executable_path/Frameworks @loader_path/Frameworks";
				PRODUCT_NAME = "$(TARGET_NAME)";
				TEST_HOST = "$(BUILT_PRODUCTS_DIR)/first.app/first";
			};
			name = Release;
		};
/* End XCBuildConfiguration section */

/* Begin XCConfigurationList section */
		949621771B722F3500288852 /* Build configuration list for PBXProject "first" */ = {
			isa = XCConfigurationList;
			buildConfigurations = (
				9496219D1B722F3500288852 /* Debug */,
				9496219E1B722F3500288852 /* Release */,
			);
			defaultConfigurationIsVisible = 0;
			defaultConfigurationName = Release;
		};
		9496219F1B722F3500288852 /* Build configuration list for PBXNativeTarget "first" */ = {
			isa = XCConfigurationList;
			buildConfigurations = (
				949621A01B722F3500288852 /* Debug */,
				949621A11B722F3500288852 /* Release */,
			);
			defaultConfigurationIsVisible = 0;
		};
		949621A21B722F3500288852 /* Build configuration list for PBXNativeTarget "firstTests" */ = {
			isa = XCConfigurationList;
			buildConfigurations = (
				949621A31B722F3500288852 /* Debug */,
				949621A41B722F3500288852 /* Release */,
			);
			defaultConfigurationIsVisible = 0;
		};
/* End XCConfigurationList section */
	};
	rootObject = 949621741B722F3500288852 /* Project object */;
}
